{
  "version": "2",
  "remote": {
    "https://deno.land/std@0.152.0/_util/assert.ts": "e94f2eb37cebd7f199952e242c77654e43333c1ac4c5c700e929ea3aa5489f74",
    "https://deno.land/std@0.152.0/_util/os.ts": "3b4c6e27febd119d36a416d7a97bd3b0251b77c88942c8f16ee5953ea13e2e49",
    "https://deno.land/std@0.152.0/async/deferred.ts": "bc18e28108252c9f67dfca2bbc4587c3cbf3aeb6e155f8c864ca8ecff992b98a",
    "https://deno.land/std@0.152.0/bytes/bytes_list.ts": "aba5e2369e77d426b10af1de0dcc4531acecec27f9b9056f4f7bfbf8ac147ab4",
    "https://deno.land/std@0.152.0/bytes/equals.ts": "3c3558c3ae85526f84510aa2b48ab2ad7bdd899e2e0f5b7a8ffc85acb3a6043a",
    "https://deno.land/std@0.152.0/bytes/mod.ts": "763f97d33051cc3f28af1a688dfe2830841192a9fea0cbaa55f927b49d49d0bf",
    "https://deno.land/std@0.152.0/crypto/timing_safe_equal.ts": "82a29b737bc8932d75d7a20c404136089d5d23629e94ba14efa98a8cc066c73e",
    "https://deno.land/std@0.152.0/encoding/base64.ts": "c57868ca7fa2fbe919f57f88a623ad34e3d970d675bdc1ff3a9d02bba7409db2",
    "https://deno.land/std@0.152.0/fmt/colors.ts": "6f9340b7fb8cc25a993a99e5efc56fe81bb5af284ff412129dd06df06f53c0b4",
    "https://deno.land/std@0.152.0/http/_negotiation/common.ts": "410e902f01cdd324e4746e8017595be4fc357d6fc4cd6044f2f808a943d7eaf7",
    "https://deno.land/std@0.152.0/http/_negotiation/encoding.ts": "f749c1d539d139af783e8a7741de5a47a98a5e3c9af82b8af512567ccf5fe632",
    "https://deno.land/std@0.152.0/http/_negotiation/language.ts": "53c306186904d2dace4c624a8822542866ad332a7f40ac90e0af1504f95c63d0",
    "https://deno.land/std@0.152.0/http/_negotiation/media_type.ts": "ecdda87286495f7ff25116858f5088856953e2f1585e593d314e0c71b826a137",
    "https://deno.land/std@0.152.0/http/http_errors.ts": "fe9b7f95f7ee0592c3306f8c7aed03ba53d55d1ef81e00041c1171b9588f46d9",
    "https://deno.land/std@0.152.0/http/http_status.ts": "897575a7d6bc2b9123f6a38ecbc0f03d95a532c5d92029315dc9f508e12526b8",
    "https://deno.land/std@0.152.0/http/negotiation.ts": "f35b1ff2ad4ff9feaa00ac234960b398172768205c8eceaef7f2eafe34716ba2",
    "https://deno.land/std@0.152.0/io/buffer.ts": "bd0c4bf53db4b4be916ca5963e454bddfd3fcd45039041ea161dbf826817822b",
    "https://deno.land/std@0.152.0/io/readers.ts": "45847ad404afd2f605eae1cff193f223462bc55eeb9ae313c2f3db28aada0fd6",
    "https://deno.land/std@0.152.0/io/types.d.ts": "0cae3a62da7a37043661746c65c021058bae020b54e50c0e774916e5d4baee43",
    "https://deno.land/std@0.152.0/media_types/_util.ts": "ce9b4fc4ba1c447dafab619055e20fd88236ca6bdd7834a21f98bd193c3fbfa1",
    "https://deno.land/std@0.152.0/media_types/mod.ts": "3829264ca0610cac40f3214f939d7733483523f82bc1041c51045d7c75fb93b8",
    "https://deno.land/std@0.152.0/media_types/vendor/mime-db.v1.52.0.ts": "724cee25fa40f1a52d3937d6b4fbbfdd7791ff55e1b7ac08d9319d5632c7f5af",
    "https://deno.land/std@0.152.0/path/_constants.ts": "df1db3ffa6dd6d1252cc9617e5d72165cd2483df90e93833e13580687b6083c3",
    "https://deno.land/std@0.152.0/path/_interface.ts": "ee3b431a336b80cf445441109d089b70d87d5e248f4f90ff906820889ecf8d09",
    "https://deno.land/std@0.152.0/path/_util.ts": "c1e9686d0164e29f7d880b2158971d805b6e0efc3110d0b3e24e4b8af2190d2b",
    "https://deno.land/std@0.152.0/path/common.ts": "bee563630abd2d97f99d83c96c2fa0cca7cee103e8cb4e7699ec4d5db7bd2633",
    "https://deno.land/std@0.152.0/path/glob.ts": "cb5255638de1048973c3e69e420c77dc04f75755524cb3b2e160fe9277d939ee",
    "https://deno.land/std@0.152.0/path/mod.ts": "56fec03ad0ebd61b6ab39ddb9b0ddb4c4a5c9f2f4f632e09dd37ec9ebfd722ac",
    "https://deno.land/std@0.152.0/path/posix.ts": "c1f7afe274290ea0b51da07ee205653b2964bd74909a82deb07b69a6cc383aaa",
    "https://deno.land/std@0.152.0/path/separator.ts": "fe1816cb765a8068afb3e8f13ad272351c85cbc739af56dacfc7d93d710fe0f9",
    "https://deno.land/std@0.152.0/path/win32.ts": "bd7549042e37879c68ff2f8576a25950abbfca1d696d41d82c7bca0b7e6f452c",
    "https://deno.land/std@0.152.0/streams/conversion.ts": "fc3db02026183da795fa32ac7549868e9f19c75ba029d4b4c3739af62b48517a",
    "https://deno.land/std@0.152.0/testing/_diff.ts": "029a00560b0d534bc0046f1bce4bd36b3b41ada3f2a3178c85686eb2ff5f1413",
    "https://deno.land/std@0.152.0/testing/_format.ts": "0d8dc79eab15b67cdc532826213bbe05bccfd276ca473a50a3fc7bbfb7260642",
    "https://deno.land/std@0.152.0/testing/asserts.ts": "093735c88f52bbead7f60a1f7a97a2ce4df3c2d5fab00a46956f20b4a5793ccd",
    "https://deno.land/std@0.175.0/_util/asserts.ts": "178dfc49a464aee693a7e285567b3d0b555dc805ff490505a8aae34f9cfb1462",
    "https://deno.land/std@0.175.0/_util/os.ts": "d932f56d41e4f6a6093d56044e29ce637f8dcc43c5a90af43504a889cf1775e3",
    "https://deno.land/std@0.175.0/async/abortable.ts": "73acfb3ed7261ce0d930dbe89e43db8d34e017b063cf0eaa7d215477bf53442e",
    "https://deno.land/std@0.175.0/async/deadline.ts": "b98e50d2c42399af03ad13bbb8cf59dadb9f0cd5d70648cc0c3b9202d75ab565",
    "https://deno.land/std@0.175.0/async/debounce.ts": "adab11d04ca38d699444ac8a9d9856b4155e8dda2afd07ce78276c01ea5a4332",
    "https://deno.land/std@0.175.0/async/deferred.ts": "42790112f36a75a57db4a96d33974a936deb7b04d25c6084a9fa8a49f135def8",
    "https://deno.land/std@0.175.0/async/delay.ts": "73aa04cec034c84fc748c7be49bb15cac3dd43a57174bfdb7a4aec22c248f0dd",
    "https://deno.land/std@0.175.0/async/mod.ts": "f04344fa21738e5ad6bea37a6bfffd57c617c2d372bb9f9dcfd118a1b622e576",
    "https://deno.land/std@0.175.0/async/mux_async_iterator.ts": "70c7f2ee4e9466161350473ad61cac0b9f115cff4c552eaa7ef9d50c4cbb4cc9",
    "https://deno.land/std@0.175.0/async/pool.ts": "fd082bd4aaf26445909889435a5c74334c017847842ec035739b4ae637ae8260",
    "https://deno.land/std@0.175.0/async/retry.ts": "5efa3ba450ac0c07a40a82e2df296287b5013755d232049efd7ea2244f15b20f",
    "https://deno.land/std@0.175.0/async/tee.ts": "47e42d35f622650b02234d43803d0383a89eb4387e1b83b5a40106d18ae36757",
    "https://deno.land/std@0.175.0/bytes/index_of_needle.ts": "65c939607df609374c4415598fa4dad04a2f14c4d98cd15775216f0aaf597f24",
    "https://deno.land/std@0.175.0/crypto/timing_safe_equal.ts": "8d69ab611c67fe51b6127d97fcfb4d8e7d0e1b6b4f3e0cc4ab86744c3691f965",
    "https://deno.land/std@0.175.0/encoding/base64.ts": "7de04c2f8aeeb41453b09b186480be90f2ff357613b988e99fabb91d2eeceba1",
    "https://deno.land/std@0.175.0/encoding/base64url.ts": "3f1178f6446834457b16bfde8b559c1cd3481727fe384d3385e4a9995dc2d851",
    "https://deno.land/std@0.175.0/flags/mod.ts": "d1cdefa18472ef69858a17df5cf7c98445ed27ac10e1460183081303b0ebc270",
    "https://deno.land/std@0.175.0/fmt/printf.ts": "e5b426cd6ad13df5d408e9c375c025d59de30e380c5534715bd892df874ab057",
    "https://deno.land/std@0.175.0/fs/eol.ts": "f1f2eb348a750c34500741987b21d65607f352cf7205f48f4319d417fff42842",
    "https://deno.land/std@0.175.0/fs/exists.ts": "b8c8a457b71e9d7f29b9d2f87aad8dba2739cbe637e8926d6ba6e92567875f8e",
    "https://deno.land/std@0.175.0/node/_core.ts": "32a72a2166688d0051db7771e76af823d87a19e84ed073604a0bf4fa2706403f",
    "https://deno.land/std@0.175.0/node/_events.d.ts": "1347437fd6b084d7c9a4e16b9fe7435f00b030970086482edeeb3b179d0775af",
    "https://deno.land/std@0.175.0/node/_events.mjs": "d4ba4e629abe3db9f1b14659fd5c282b7da8b2b95eaf13238eee4ebb142a2448",
    "https://deno.land/std@0.175.0/node/_fs/_fs_access.ts": "48a722db00fd34ec567c1d03c47f6b94d07658c658eeb7d9a10c6b823ebdefbd",
    "https://deno.land/std@0.175.0/node/_fs/_fs_appendFile.ts": "2e5230c88804f4b5bee29efa1ba723d71a53f9b0f85d5e6372509ba12e9c00c3",
    "https://deno.land/std@0.175.0/node/_fs/_fs_chmod.ts": "fcba6aa4fe2d9178746b5b4ae7f42a72a971007c855988f0e26ff8f694c3c212",
    "https://deno.land/std@0.175.0/node/_fs/_fs_chown.ts": "6a24414772d689f8e83b6f53f134420dc25d752bd5be56cade39e92f182c9c9a",
    "https://deno.land/std@0.175.0/node/_fs/_fs_close.ts": "8fc5819affb69fb5708f3babce49cd673133e939cebef0665099da78a0d0be7a",
    "https://deno.land/std@0.175.0/node/_fs/_fs_common.ts": "21caae4ab7c07c66244446c63c50291cc553d1224d3f6a0cd7bea688c6b2a815",
    "https://deno.land/std@0.175.0/node/_fs/_fs_constants.ts": "22ce5f8b07fa8fd7ba37718ad85f6655954b7585d21e6d0b9d73676c16ef1b15",
    "https://deno.land/std@0.175.0/node/_fs/_fs_copy.ts": "9074e3a1609b9ee10ca1a2d77e94836c57190e791a0878f7e03b2f0e4e0d5dfb",
    "https://deno.land/std@0.175.0/node/_fs/_fs_dir.ts": "26c16ef8003772c9cd2439b448530443ea09a1508a6d808a5913576c3d11882b",
    "https://deno.land/std@0.175.0/node/_fs/_fs_dirent.ts": "e8c30d8059336cb6b122738c487cb46c1bcfc4c99fd6d64186f04b4e1805be34",
    "https://deno.land/std@0.175.0/node/_fs/_fs_exists.ts": "012e8bf6a6a9b53f9e6451db6ddabf1b883a25e6aebb8aadf8958b57efffefd0",
    "https://deno.land/std@0.175.0/node/_fs/_fs_fdatasync.ts": "cfe9409aed4bfe707fb497fe5be449a678b4ae454c9068f3720138ff06f7a71f",
    "https://deno.land/std@0.175.0/node/_fs/_fs_fstat.ts": "b15968d0f0da997960f0814e52beee35aff5e04519f007c3ac1c431829a03ac4",
    "https://deno.land/std@0.175.0/node/_fs/_fs_fsync.ts": "902c1d4ef9b022c61a12c5f85db3ec4e14778019697cf453822313f9eab9516b",
    "https://deno.land/std@0.175.0/node/_fs/_fs_ftruncate.ts": "36d76a3d6b325345ba6fbef745ec1a39d6efb4472214ede8421449296fd25711",
    "https://deno.land/std@0.175.0/node/_fs/_fs_futimes.ts": "75b9aaa28588d94b9d8be3c5ca4b74595cde342d644afc9c5dda1e1dcc1e604f",
    "https://deno.land/std@0.175.0/node/_fs/_fs_link.ts": "5cfa4f02cbedf913d90618c1bf130796bc3cdd7cd0e59cf5defb05619ae10b8a",
    "https://deno.land/std@0.175.0/node/_fs/_fs_lstat.ts": "da6a26b4745dbb92eda21f07992d16497a6848fe2ded6a425ade4a2418262b57",
    "https://deno.land/std@0.175.0/node/_fs/_fs_mkdir.ts": "94e4341f9bbc3bae9f1474e86621d48101a4a863ce51fd6b1170ef244533c494",
    "https://deno.land/std@0.175.0/node/_fs/_fs_mkdtemp.ts": "33658ccb449f90d69305868b718f8fe8d72a2a8e2be7136ebd69ba313fd0b4a9",
    "https://deno.land/std@0.175.0/node/_fs/_fs_open.ts": "9f728953c07748a54a73bb9ff0013530e33556a688a359a554d5db5b4ed30d06",
    "https://deno.land/std@0.175.0/node/_fs/_fs_opendir.ts": "fe65a45b92b6b970da8f3acec15920cb5669c7a19fd07afa8ebcd248ec69740b",
    "https://deno.land/std@0.175.0/node/_fs/_fs_read.ts": "a0223081bc460a8af5d1bb01e59a44182629bf7bff7c583031912abf20ac6b04",
    "https://deno.land/std@0.175.0/node/_fs/_fs_readFile.ts": "2c155de6b568a4e5d3d089e58723355fc519de2d2c9422f7dd211cda2c8f36dc",
    "https://deno.land/std@0.175.0/node/_fs/_fs_readdir.ts": "85f742c2ad38bebb8ba5dee72b37a966fc4b42b10382a76a60d7a2dda0a6278c",
    "https://deno.land/std@0.175.0/node/_fs/_fs_readlink.ts": "d5d9746c1d3c76cce0be5045dbb3bfde100406a98f1d4db8243776a2fc5619af",
    "https://deno.land/std@0.175.0/node/_fs/_fs_realpath.ts": "671afd8bc1b33126d56155de3827d6ec55361631eec9f4944d7f91835d897329",
    "https://deno.land/std@0.175.0/node/_fs/_fs_rename.ts": "2fd973c38ab5c66d806a954914a2d2b6beec55308b6da0616837ba81946bba3b",
    "https://deno.land/std@0.175.0/node/_fs/_fs_rm.ts": "27c01d261a3631729f9406d9dc7be263a7adf240094ba9133da511169785023b",
    "https://deno.land/std@0.175.0/node/_fs/_fs_rmdir.ts": "d9a35aa265670aba4a6da10cb151139bd69762ccfb88e27f266c1260c244d3ec",
    "https://deno.land/std@0.175.0/node/_fs/_fs_stat.ts": "bf1ca585b624f5b183ff547f02ad40b51d47247a7fd5df84f8c27376e7a7c2d5",
    "https://deno.land/std@0.175.0/node/_fs/_fs_symlink.ts": "89752d75dd823be7ea2c0f2ca024b14c954f7d1507360abf883245f4b700464b",
    "https://deno.land/std@0.175.0/node/_fs/_fs_truncate.ts": "4333d191574be1d6ab20fdee346c0dd4868e5c9c5e8ee716e3b09bf562aee698",
    "https://deno.land/std@0.175.0/node/_fs/_fs_unlink.ts": "6a760088a99c7465d9da3cbd67a456a6207c9764c65926ce1e0d3172aab780a2",
    "https://deno.land/std@0.175.0/node/_fs/_fs_utimes.ts": "c433ef58bfd20d84d0f940c17575b496dcd4706e8dc86aea777c73f667164444",
    "https://deno.land/std@0.175.0/node/_fs/_fs_watch.ts": "2ed05b68759e1771515efa4c6d19db9c956cfbc79a715d61e4ce8f38ac12c966",
    "https://deno.land/std@0.175.0/node/_fs/_fs_write.d.ts": "a405627931c1a5a3160d3f1cf028761d51b50cd632d6602cb0f98c6b39c96b23",
    "https://deno.land/std@0.175.0/node/_fs/_fs_write.mjs": "595abc0d7be9ef3709b62bf09972c2836b25c945f4c531a6688b910e428e1b42",
    "https://deno.land/std@0.175.0/node/_fs/_fs_writeFile.ts": "c65f61a167e5f80f29a88147012ade2a81233c882e51c6a07f45a153f2316a58",
    "https://deno.land/std@0.175.0/node/_fs/_fs_writev.d.ts": "2cd3596fe24579debe43b587d5bb5845f6f0ce3913357376eb279511ce832d15",
    "https://deno.land/std@0.175.0/node/_fs/_fs_writev.mjs": "54adae0d5e5148d2ee0690d04f7272dbccd1242ffbdf838778ac514c10197844",
    "https://deno.land/std@0.175.0/node/_global.d.ts": "2d88342f38b4083b858998e27c706725fb03a74aa14ef8d985dc18438b5188e4",
    "https://deno.land/std@0.175.0/node/_next_tick.ts": "9a3cf107d59b019a355d3cf32275b4c6157282e4b68ea85b46a799cb1d379305",
    "https://deno.land/std@0.175.0/node/_process/exiting.ts": "6e336180aaabd1192bf99ffeb0d14b689116a3dec1dfb34a2afbacd6766e98ab",
    "https://deno.land/std@0.175.0/node/_process/process.ts": "c96bb1f6253824c372f4866ee006dcefda02b7050d46759736e403f862d91051",
    "https://deno.land/std@0.175.0/node/_process/stdio.mjs": "cf17727eac8da3a665851df700b5aca6a12bacc3ebbf33e63e4b919f80ba44a6",
    "https://deno.land/std@0.175.0/node/_process/streams.mjs": "c1461c4dbf963a93a0ca8233467573a685bbde347562573761cc9435fd7080f6",
    "https://deno.land/std@0.175.0/node/_stream.d.ts": "112e1a0677cd6db932c3ce0e6e5bbdc7a2ac1874572f449044ecc82afcf5ee2e",
    "https://deno.land/std@0.175.0/node/_stream.mjs": "d6e2c86c1158ac65b4c2ca4fa019d7e84374ff12e21e2175345fe68c0823efe3",
    "https://deno.land/std@0.175.0/node/_util/_util_callbackify.ts": "a7ffe799ac5f54f3a780ee1c9b190b94dc7dc8afbb430c0e1c73756638d25d64",
    "https://deno.land/std@0.175.0/node/_utils.ts": "7fd55872a0cf9275e3c080a60e2fa6d45b8de9e956ebcde9053e72a344185884",
    "https://deno.land/std@0.175.0/node/buffer.ts": "85617be2063eccaf177dbb84c7580d1e32023724ed14bd9df4e453b152a26167",
    "https://deno.land/std@0.175.0/node/diagnostics_channel.ts": "f1f0abbb0079f7045ed7854ca3a7cda53ef0e722ba09a526a59c21cca23302ed",
    "https://deno.land/std@0.175.0/node/dns.ts": "59dded3657ecbe2d2ac5557fa7dee1d35a9616ccefd8f951b89693820804d8b6",
    "https://deno.land/std@0.175.0/node/events.ts": "d2de352d509de11a375e2cb397d6b98f5fed4e562fc1d41be33214903a38e6b0",
    "https://deno.land/std@0.175.0/node/fs.ts": "de13cb511655b594157b327cd11bb833cc96051409f34148f043e8a8a92d66a1",
    "https://deno.land/std@0.175.0/node/fs/promises.ts": "5db686797cec9a6bc7b1460beb7e049ada81a43bbc0ff8231a26442261ec3fd0",
    "https://deno.land/std@0.175.0/node/internal/assert.mjs": "1d50c20eeaf16a6d9c1d90347e497669cebc915f5ee238417a73847eb4c2f0de",
    "https://deno.land/std@0.175.0/node/internal/async_hooks.ts": "214402ac7a17dfef247cdde223d1b1c3ee0c23b1b9b56eaaff789a3de86b3be9",
    "https://deno.land/std@0.175.0/node/internal/buffer.d.ts": "bdfa991cd88cb02fd08bf8235d2618550e3e511c970b2a8f2e1a6885a2793cac",
    "https://deno.land/std@0.175.0/node/internal/buffer.mjs": "e92303a3cc6d9aaabcd270a937ad9319825d9ba08cb332650944df4562029b27",
    "https://deno.land/std@0.175.0/node/internal/crypto/_keys.ts": "8f3c3b5a141aa0331a53c205e9338655f1b3b307a08085fd6ff6dda6f7c4190b",
    "https://deno.land/std@0.175.0/node/internal/crypto/constants.ts": "544d605703053218499b08214f2e25cf4310651d535b7ab995891c4b7a217693",
    "https://deno.land/std@0.175.0/node/internal/dns/promises.ts": "8119d052137a94dfd666933df33ba79a84cb1cb4249987d63fc6ff2c97344b06",
    "https://deno.land/std@0.175.0/node/internal/dns/utils.ts": "c25b905c27e9a1509dc62f54f26f982ecac4fd6befa9df81d6e0aeb14a9bb6a3",
    "https://deno.land/std@0.175.0/node/internal/dtrace.ts": "73765e366495f37c2b13dd54f2544d466b4ee9efcb1a68a8934f2d6ae184b7b8",
    "https://deno.land/std@0.175.0/node/internal/error_codes.ts": "8495e33f448a484518d76fa3d41d34fc20fe03c14b30130ad8e936b0035d4b8b",
    "https://deno.land/std@0.175.0/node/internal/errors.ts": "1c699b8a3cb93174f697a348c004b1c6d576b66688eac8a48ebb78e65c720aae",
    "https://deno.land/std@0.175.0/node/internal/fixed_queue.ts": "62bb119afa5b5ae8fc0c7048b50502347bec82e2588017d0b250c4671d6eff8f",
    "https://deno.land/std@0.175.0/node/internal/fs/streams.d.ts": "23571ff9af59d86307831b80823e440953f3e57b134ca7ec6e55b60b845d38de",
    "https://deno.land/std@0.175.0/node/internal/fs/streams.mjs": "5de00d105009fb8cec6b6d0a6e6e6288ae40879cc64d9bf7a84852220be9fa34",
    "https://deno.land/std@0.175.0/node/internal/fs/utils.mjs": "64b6dc17752fa861b46a0876647336ba24efe3b5130bd1826f1f2d59b9b374ed",
    "https://deno.land/std@0.175.0/node/internal/hide_stack_frames.ts": "9dd1bad0a6e62a1042ce3a51eb1b1ecee2f246907bff44835f86e8f021de679a",
    "https://deno.land/std@0.175.0/node/internal/idna.ts": "034043ac9273eb5ba83112c926dba1777775f1eca40e021c8703cd1720bedd9f",
    "https://deno.land/std@0.175.0/node/internal/net.ts": "5538d31b595ac63d4b3e90393168bc65ace2f332c3317cffa2fd780070b2d86c",
    "https://deno.land/std@0.175.0/node/internal/normalize_encoding.mjs": "fd1d9df61c44d7196432f6e8244621468715131d18cc79cd299fc78ac549f707",
    "https://deno.land/std@0.175.0/node/internal/options.ts": "888f267c3fe8f18dc7b2f2fbdbe7e4a0fd3302ff3e99f5d6645601e924f3e3fb",
    "https://deno.land/std@0.175.0/node/internal/primordials.mjs": "a72d86b5aa55d3d50b8e916b6a59b7cc0dc5a31da8937114b4a113ad5aa08c74",
    "https://deno.land/std@0.175.0/node/internal/process/per_thread.mjs": "10142bbb13978c2f8f79778ad90f3a67a8ea6d8d2970f3dfc6bf2c6fff0162a2",
    "https://deno.land/std@0.175.0/node/internal/querystring.ts": "479f30c136555dc3b6f09af7d0de8a70c753035c1d5b57acc696722028788323",
    "https://deno.land/std@0.175.0/node/internal/readline/callbacks.mjs": "bdb129b140c3b21b5e08cdc3d8e43517ad818ac03f75197338d665cca1cbaed3",
    "https://deno.land/std@0.175.0/node/internal/readline/utils.mjs": "c3dbf3a97c01ed14052cca3848f09e2fc24818c1822ceed57c33b9f0840f3b87",
    "https://deno.land/std@0.175.0/node/internal/stream_base_commons.ts": "c5b60d12da6867953bf09349060db3702778ac72326fc50a3de0b2c4506edf0e",
    "https://deno.land/std@0.175.0/node/internal/streams/destroy.mjs": "b665fc71178919a34ddeac8389d162a81b4bc693ff7dc2557fa41b3a91011967",
    "https://deno.land/std@0.175.0/node/internal/streams/end-of-stream.mjs": "a4fb1c2e32d58dff440d4e716e2c4daaa403b3095304a028bb428575cfeed716",
    "https://deno.land/std@0.175.0/node/internal/streams/utils.mjs": "f2fe2e6bdc506da24c758970890cc2a21642045b129dee618bd3827c60dd9e33",
    "https://deno.land/std@0.175.0/node/internal/timers.mjs": "f174a7a5c24c22460672b30e696d134bb1a37eed40ffc4d24c567c3f5624478b",
    "https://deno.land/std@0.175.0/node/internal/url.ts": "7e62e16520de552c130c354d9c725a2f5e2af453ff929a2009fa66ae445bbe14",
    "https://deno.land/std@0.175.0/node/internal/util.mjs": "f7fe2e1ca5e66f550ad0856b9f5ee4d666f0c071fe212ea7fc7f37cfa81f97a5",
    "https://deno.land/std@0.175.0/node/internal/util/comparisons.ts": "0da27292b2714c14873a798221189321ee044e52a9c5df99979f8415f1348665",
    "https://deno.land/std@0.175.0/node/internal/util/debuglog.ts": "a2392980a65cc6916afc17fa6686242ee0e3b47bd98c792ff59358560b24185e",
    "https://deno.land/std@0.175.0/node/internal/util/inspect.mjs": "11d7c9cab514b8e485acc3978c74b837263ff9c08ae4537fa18ad56bae633259",
    "https://deno.land/std@0.175.0/node/internal/util/types.ts": "4f3625ea39111eaae1443c834e769b0c5ce9ea33b31d5a853b02af6a78105178",
    "https://deno.land/std@0.175.0/node/internal/validators.mjs": "e02f2b02dd072a5d623970292588d541204dc82207b4c58985d933a5f4b382e6",
    "https://deno.land/std@0.175.0/node/internal_binding/_libuv_winerror.ts": "30c9569603d4b97a1f1a034d88a3f74800d5ea1f12fcc3d225c9899d4e1a518b",
    "https://deno.land/std@0.175.0/node/internal_binding/_listen.ts": "c6038be47116f7755c01fd98340a0d1e8e66ef874710ab59ed3f5607d50d7a25",
    "https://deno.land/std@0.175.0/node/internal_binding/_node.ts": "cb2389b0eab121df99853eb6a5e3a684e4537e065fb8bf2cca0cbf219ce4e32e",
    "https://deno.land/std@0.175.0/node/internal_binding/_timingSafeEqual.ts": "7d9732464d3c669ff07713868ce5d25bc974a06112edbfb5f017fc3c70c0853e",
    "https://deno.land/std@0.175.0/node/internal_binding/_utils.ts": "7c58a2fbb031a204dee9583ba211cf9c67922112fe77e7f0b3226112469e9fe1",
    "https://deno.land/std@0.175.0/node/internal_binding/_winerror.ts": "3e8cfdfe22e89f13d2b28529bab35155e6b1730c0221ec5a6fc7077dc037be13",
    "https://deno.land/std@0.175.0/node/internal_binding/ares.ts": "bdd34c679265a6c115a8cfdde000656837a0a0dcdb0e4c258e622e136e9c31b8",
    "https://deno.land/std@0.175.0/node/internal_binding/async_wrap.ts": "0dc5ae64eea2c9e57ab17887ef1573922245167ffe38e3685c28d636f487f1b7",
    "https://deno.land/std@0.175.0/node/internal_binding/buffer.ts": "31729e0537921d6c730ad0afea44a7e8a0a1044d070ade8368226cb6f7390c8b",
    "https://deno.land/std@0.175.0/node/internal_binding/cares_wrap.ts": "9b7247772167f8ed56acd0244a232d9d50e8d7c9cfc379f77f3d54cecc2f32ab",
    "https://deno.land/std@0.175.0/node/internal_binding/config.ts": "37d293009d1718205bf28e878e54a9f1ca24c1c320cee2416c20dc054104c6ea",
    "https://deno.land/std@0.175.0/node/internal_binding/connection_wrap.ts": "7dd089ea46de38e4992d0f43a09b586e4cf04878fb06863c1cb8cb2ece7da521",
    "https://deno.land/std@0.175.0/node/internal_binding/constants.ts": "21ff9d1ee71d0a2086541083a7711842fc6ae25e264dbf45c73815aadce06f4c",
    "https://deno.land/std@0.175.0/node/internal_binding/contextify.ts": "37d293009d1718205bf28e878e54a9f1ca24c1c320cee2416c20dc054104c6ea",
    "https://deno.land/std@0.175.0/node/internal_binding/credentials.ts": "37d293009d1718205bf28e878e54a9f1ca24c1c320cee2416c20dc054104c6ea",
    "https://deno.land/std@0.175.0/node/internal_binding/crypto.ts": "29e8f94f283a2e7d4229d3551369c6a40c2af9737fad948cb9be56bef6c468cd",
    "https://deno.land/std@0.175.0/node/internal_binding/errors.ts": "37d293009d1718205bf28e878e54a9f1ca24c1c320cee2416c20dc054104c6ea",
    "https://deno.land/std@0.175.0/node/internal_binding/fs.ts": "37d293009d1718205bf28e878e54a9f1ca24c1c320cee2416c20dc054104c6ea",
    "https://deno.land/std@0.175.0/node/internal_binding/fs_dir.ts": "37d293009d1718205bf28e878e54a9f1ca24c1c320cee2416c20dc054104c6ea",
    "https://deno.land/std@0.175.0/node/internal_binding/fs_event_wrap.ts": "37d293009d1718205bf28e878e54a9f1ca24c1c320cee2416c20dc054104c6ea",
    "https://deno.land/std@0.175.0/node/internal_binding/handle_wrap.ts": "adf0b8063da2c54f26edd5e8ec50296a4d38e42716a70a229f14654b17a071d9",
    "https://deno.land/std@0.175.0/node/internal_binding/heap_utils.ts": "37d293009d1718205bf28e878e54a9f1ca24c1c320cee2416c20dc054104c6ea",
    "https://deno.land/std@0.175.0/node/internal_binding/http_parser.ts": "37d293009d1718205bf28e878e54a9f1ca24c1c320cee2416c20dc054104c6ea",
    "https://deno.land/std@0.175.0/node/internal_binding/icu.ts": "37d293009d1718205bf28e878e54a9f1ca24c1c320cee2416c20dc054104c6ea",
    "https://deno.land/std@0.175.0/node/internal_binding/inspector.ts": "37d293009d1718205bf28e878e54a9f1ca24c1c320cee2416c20dc054104c6ea",
    "https://deno.land/std@0.175.0/node/internal_binding/js_stream.ts": "37d293009d1718205bf28e878e54a9f1ca24c1c320cee2416c20dc054104c6ea",
    "https://deno.land/std@0.175.0/node/internal_binding/messaging.ts": "37d293009d1718205bf28e878e54a9f1ca24c1c320cee2416c20dc054104c6ea",
    "https://deno.land/std@0.175.0/node/internal_binding/mod.ts": "9fc65f7af1d35e2d3557539a558ea9ad7a9954eefafe614ad82d94bddfe25845",
    "https://deno.land/std@0.175.0/node/internal_binding/module_wrap.ts": "37d293009d1718205bf28e878e54a9f1ca24c1c320cee2416c20dc054104c6ea",
    "https://deno.land/std@0.175.0/node/internal_binding/native_module.ts": "37d293009d1718205bf28e878e54a9f1ca24c1c320cee2416c20dc054104c6ea",
    "https://deno.land/std@0.175.0/node/internal_binding/natives.ts": "37d293009d1718205bf28e878e54a9f1ca24c1c320cee2416c20dc054104c6ea",
    "https://deno.land/std@0.175.0/node/internal_binding/node_file.ts": "21edbbc95653e45514aff252b6cae7bf127a4338cbc5f090557d258aa205d8a5",
    "https://deno.land/std@0.175.0/node/internal_binding/node_options.ts": "0b5cb0bf4379a39278d7b7bb6bb2c2751baf428fe437abe5ed3e8441fae1f18b",
    "https://deno.land/std@0.175.0/node/internal_binding/options.ts": "37d293009d1718205bf28e878e54a9f1ca24c1c320cee2416c20dc054104c6ea",
    "https://deno.land/std@0.175.0/node/internal_binding/os.ts": "37d293009d1718205bf28e878e54a9f1ca24c1c320cee2416c20dc054104c6ea",
    "https://deno.land/std@0.175.0/node/internal_binding/performance.ts": "37d293009d1718205bf28e878e54a9f1ca24c1c320cee2416c20dc054104c6ea",
    "https://deno.land/std@0.175.0/node/internal_binding/pipe_wrap.ts": "e5429879551fb7195039986fe6da920a86971fad4342046cbf653643e6c85e21",
    "https://deno.land/std@0.175.0/node/internal_binding/process_methods.ts": "37d293009d1718205bf28e878e54a9f1ca24c1c320cee2416c20dc054104c6ea",
    "https://deno.land/std@0.175.0/node/internal_binding/report.ts": "37d293009d1718205bf28e878e54a9f1ca24c1c320cee2416c20dc054104c6ea",
    "https://deno.land/std@0.175.0/node/internal_binding/serdes.ts": "37d293009d1718205bf28e878e54a9f1ca24c1c320cee2416c20dc054104c6ea",
    "https://deno.land/std@0.175.0/node/internal_binding/signal_wrap.ts": "37d293009d1718205bf28e878e54a9f1ca24c1c320cee2416c20dc054104c6ea",
    "https://deno.land/std@0.175.0/node/internal_binding/spawn_sync.ts": "37d293009d1718205bf28e878e54a9f1ca24c1c320cee2416c20dc054104c6ea",
    "https://deno.land/std@0.175.0/node/internal_binding/stream_wrap.ts": "452bff74d1db280a0cd78c75a95bb6d163e849e06e9638c4af405d40296bd050",
    "https://deno.land/std@0.175.0/node/internal_binding/string_decoder.ts": "54c3c1cbd5a9254881be58bf22637965dc69535483014dab60487e299cb95445",
    "https://deno.land/std@0.175.0/node/internal_binding/symbols.ts": "4dee2f3a400d711fd57fa3430b8de1fdb011e08e260b81fef5b81cc06ed77129",
    "https://deno.land/std@0.175.0/node/internal_binding/task_queue.ts": "37d293009d1718205bf28e878e54a9f1ca24c1c320cee2416c20dc054104c6ea",
    "https://deno.land/std@0.175.0/node/internal_binding/tcp_wrap.ts": "cbede7224fcf0adc4b04e2e1222488a7a9c137807f143bd32cc8b1a121e0d4fa",
    "https://deno.land/std@0.175.0/node/internal_binding/timers.ts": "37d293009d1718205bf28e878e54a9f1ca24c1c320cee2416c20dc054104c6ea",
    "https://deno.land/std@0.175.0/node/internal_binding/tls_wrap.ts": "37d293009d1718205bf28e878e54a9f1ca24c1c320cee2416c20dc054104c6ea",
    "https://deno.land/std@0.175.0/node/internal_binding/trace_events.ts": "37d293009d1718205bf28e878e54a9f1ca24c1c320cee2416c20dc054104c6ea",
    "https://deno.land/std@0.175.0/node/internal_binding/tty_wrap.ts": "37d293009d1718205bf28e878e54a9f1ca24c1c320cee2416c20dc054104c6ea",
    "https://deno.land/std@0.175.0/node/internal_binding/types.ts": "5a658bf08975af30d0fad6fa6247274379be26ba3f023425bec03e61c74083ef",
    "https://deno.land/std@0.175.0/node/internal_binding/udp_wrap.ts": "cc86f7e51bf56fd619505cf9d4f77d7aae1526abdf295399dd277162d28ca6c1",
    "https://deno.land/std@0.175.0/node/internal_binding/url.ts": "37d293009d1718205bf28e878e54a9f1ca24c1c320cee2416c20dc054104c6ea",
    "https://deno.land/std@0.175.0/node/internal_binding/util.ts": "808ff3b92740284184ab824adfc420e75398c88c8bccf5111f0c24ac18c48f10",
    "https://deno.land/std@0.175.0/node/internal_binding/uv.ts": "eb0048e30af4db407fb3f95563e30d70efd6187051c033713b0a5b768593a3a3",
    "https://deno.land/std@0.175.0/node/internal_binding/v8.ts": "37d293009d1718205bf28e878e54a9f1ca24c1c320cee2416c20dc054104c6ea",
    "https://deno.land/std@0.175.0/node/internal_binding/worker.ts": "37d293009d1718205bf28e878e54a9f1ca24c1c320cee2416c20dc054104c6ea",
    "https://deno.land/std@0.175.0/node/internal_binding/zlib.ts": "37d293009d1718205bf28e878e54a9f1ca24c1c320cee2416c20dc054104c6ea",
    "https://deno.land/std@0.175.0/node/net.ts": "11987c92efb37b1c01d251caf852f71252205d9177d9521f9c35a226602e4f70",
    "https://deno.land/std@0.175.0/node/os.ts": "176bec1386765464b4aac2f47c31d221a491b610dd4d87732e6f47e63153b5b9",
    "https://deno.land/std@0.175.0/node/path.ts": "1c6aa9101554136525b368e8280f0f78136d4071dd71ad3a70477f27d9e4dd91",
    "https://deno.land/std@0.175.0/node/path/_constants.ts": "2e2f68b8679cbf0ef118de8e5719e90cfb091de17d4a7c026c911b6772e6a247",
    "https://deno.land/std@0.175.0/node/path/_interface.ts": "c67d76726d0f86ea62ec68d17f11d50680c4659a60a0ea6dcd2488109435b4ce",
    "https://deno.land/std@0.175.0/node/path/_util.ts": "44deaf5bbd947eafb3439ea7208d0625e231c5f55c421fe83f5ef91218dcd28c",
    "https://deno.land/std@0.175.0/node/path/common.ts": "ee7505ab01fd22de3963b64e46cff31f40de34f9f8de1fff6a1bd2fe79380000",
    "https://deno.land/std@0.175.0/node/path/glob.ts": "b5fc2aed74aa7511cfd07d52dcd595cc18cd7ca431326a664e735d8905d85ce8",
    "https://deno.land/std@0.175.0/node/path/mod.ts": "cad27b16a7a3a8c2bb3ad1ba68a63d11e4fb616d63fd55c95e399a0a3a927be2",
    "https://deno.land/std@0.175.0/node/path/posix.ts": "a066e77f554358a82b4a693726faa41932f02f5bcd520f07afb6b2372e62484d",
    "https://deno.land/std@0.175.0/node/path/separator.ts": "5cfefe182e88bc8138022475703a9b39b13250c79bf234cdc6e3be9afd639662",
    "https://deno.land/std@0.175.0/node/path/win32.ts": "3a1b21948e0063cf1ac1c6834ef3ed633b5405f107be01aadfaedd2088b57eef",
    "https://deno.land/std@0.175.0/node/process.ts": "6608012d6d51a17a7346f36079c574b9b9f81f1b5c35436489ad089f39757466",
    "https://deno.land/std@0.175.0/node/querystring.ts": "2dce8068cb80ce2bf503aecd888be1b89827288352b6581e0fc401886d56cd86",
    "https://deno.land/std@0.175.0/node/stream.ts": "09e348302af40dcc7dc58aa5e40fdff868d11d8d6b0cfb85cbb9c75b9fe450c7",
    "https://deno.land/std@0.175.0/node/string_decoder.ts": "1a17e3572037c512cc5fc4b29076613e90f225474362d18da908cb7e5ccb7e88",
    "https://deno.land/std@0.175.0/node/timers.ts": "36992313d4fc894b43f80a12fd35acc4614256fb910d8902d5fc969c1c47cb50",
    "https://deno.land/std@0.175.0/node/tty.ts": "9e898e1e0cb3ca71eadc38270a61f36d1b75a4ccdbaf02d5995befc9589e9fe2",
    "https://deno.land/std@0.175.0/node/url.ts": "f8c6656f32728a447705a273e3d8a5118631c0b6560d13fc613901ec9a3f69d0",
    "https://deno.land/std@0.175.0/node/util.ts": "4c12edeafde7e50dfe2d4022e383decb422c77858b938b093698cb7250c9e125",
    "https://deno.land/std@0.175.0/node/util/types.ts": "461b2e1118fd32456967e14b99f01c892dee1e94d144d6b96e9d94eb086a9574",
    "https://deno.land/std@0.175.0/path/_constants.ts": "e49961f6f4f48039c0dfed3c3f93e963ca3d92791c9d478ac5b43183413136e0",
    "https://deno.land/std@0.175.0/path/_interface.ts": "6471159dfbbc357e03882c2266d21ef9afdb1e4aa771b0545e90db58a0ba314b",
    "https://deno.land/std@0.175.0/path/_util.ts": "d7abb1e0dea065f427b89156e28cdeb32b045870acdf865833ba808a73b576d0",
    "https://deno.land/std@0.175.0/path/common.ts": "ee7505ab01fd22de3963b64e46cff31f40de34f9f8de1fff6a1bd2fe79380000",
    "https://deno.land/std@0.175.0/path/glob.ts": "d479e0a695621c94d3fd7fe7abd4f9499caf32a8de13f25073451c6ef420a4e1",
    "https://deno.land/std@0.175.0/path/mod.ts": "4b83694ac500d7d31b0cdafc927080a53dc0c3027eb2895790fb155082b0d232",
    "https://deno.land/std@0.175.0/path/posix.ts": "8b7c67ac338714b30c816079303d0285dd24af6b284f7ad63da5b27372a2c94d",
    "https://deno.land/std@0.175.0/path/separator.ts": "0fb679739d0d1d7bf45b68dacfb4ec7563597a902edbaf3c59b50d5bcadd93b1",
    "https://deno.land/std@0.175.0/path/win32.ts": "d186344e5583bcbf8b18af416d13d82b35a317116e6460a5a3953508c3de5bba",
    "https://deno.land/std@0.175.0/streams/write_all.ts": "3b2e1ce44913f966348ce353d02fa5369e94115181037cd8b602510853ec3033",
    "https://deno.land/std@0.175.0/types.d.ts": "220ed56662a0bd393ba5d124aa6ae2ad36a00d2fcbc0e8666a65f4606aaa9784",
    "https://deno.land/x/oak@v11.1.0/application.ts": "0a728331822b8e27727ceec48a8499657c3163fc48fd379a8a9578a75f3cdb62",
    "https://deno.land/x/oak@v11.1.0/body.ts": "78402a4936accb80372c4944384658105604352d6783de7ff1e36b8832dd93c9",
    "https://deno.land/x/oak@v11.1.0/buf_reader.ts": "7cf96aa0ac670b75098113cf88a291a68332cc45efa8a9698f064ac5b8098a0f",
    "https://deno.land/x/oak@v11.1.0/content_disposition.ts": "8b8c3cb2fba7138cd5b7f82fc3b5ea39b33db924a824b28261659db7e164621e",
    "https://deno.land/x/oak@v11.1.0/context.ts": "014d1ce40e62a7901411425541b0d5a08018968a330595bd686f8d00222a35bb",
    "https://deno.land/x/oak@v11.1.0/cookies.ts": "d9f94b99f26c6169c6982ce12323c41a548d001bfc28f464264c22dc3dbf2181",
    "https://deno.land/x/oak@v11.1.0/deps.ts": "b897b0f2bec99cd8b402b279b7f21de955d98cbd72835b6c912be5e11c26148b",
    "https://deno.land/x/oak@v11.1.0/etag.ts": "19918f5e1964e3fe6c9fe524a88ffbf9900ce1dfe4146b187b2a86256bb6b663",
    "https://deno.land/x/oak@v11.1.0/headers.ts": "f50fb05614432bda971021633129aa2e8737e0844e0f01c27a937997b4d8dd4f",
    "https://deno.land/x/oak@v11.1.0/helpers.ts": "42212afa07a560b2958359cc19577417e89d9574d6579551a0af36ff7f00cc6e",
    "https://deno.land/x/oak@v11.1.0/http_request.ts": "0831c828816fcb58a5aa8361c6865c4151f4c8b59fabcef2e2cd235bb28170c5",
    "https://deno.land/x/oak@v11.1.0/http_server_flash.ts": "e312754acad26d3d70f243d657547e697921f67f0a2179dbec41a20a3228fd79",
    "https://deno.land/x/oak@v11.1.0/http_server_native.ts": "549dffcd2db5cbb0e44ad50cf9c54956b42a10450b1ac66e1362e32a073c8c1b",
    "https://deno.land/x/oak@v11.1.0/http_server_native_request.ts": "07910ea2ed51af6c4e69addf9015cdd8d2b5c9ee03fd4993e386834a129a9eb6",
    "https://deno.land/x/oak@v11.1.0/isMediaType.ts": "62d638abcf837ece3a8f07a4b7ca59794135cb0d4b73194c7d5837efd4161005",
    "https://deno.land/x/oak@v11.1.0/keyStack.ts": "fa0d5898fb8ba34de1c9cdcf4b2e8434952dc9931671858d33560368784a22ef",
    "https://deno.land/x/oak@v11.1.0/mediaTyper.ts": "042b853fc8e9c3f6c628dd389e03ef481552bf07242efc3f8a1af042102a6105",
    "https://deno.land/x/oak@v11.1.0/middleware.ts": "de14f045a2ddfe845d89b5d3140ff52cbcc6f3b3965391106ce04480f9786737",
    "https://deno.land/x/oak@v11.1.0/middleware/proxy.ts": "b927232f97ec18af4185d7912e45b1191e3ffe24a9c875262ad524211b1274c9",
    "https://deno.land/x/oak@v11.1.0/mod.ts": "de52855c8f626e30ba683fb265c0a0773ba2f5f117b3549b7d9c857edba58338",
    "https://deno.land/x/oak@v11.1.0/multipart.ts": "98fe9f226de8c26a16d067027b69fb1e34ad8c4055767dd157907d06cea36f9a",
    "https://deno.land/x/oak@v11.1.0/range.ts": "68a6df7ab3b868843e33f52deb94c3d4cab25cb9ef369691990c2ac15b04fafb",
    "https://deno.land/x/oak@v11.1.0/request.ts": "5852ad36389b48e0428a6f3c90854d01f10d1b15949b56001e1e75c2a00ef0f9",
    "https://deno.land/x/oak@v11.1.0/response.ts": "867d81f7eb0c65c7b8e0e0e9e145ededd5b6daa9ad922e6adc6a36a525f439a6",
    "https://deno.land/x/oak@v11.1.0/router.ts": "187522a549f6c179ff01d321882a8bfacbfb7f3e24b004ec4534a3613c7f9b0e",
    "https://deno.land/x/oak@v11.1.0/send.ts": "7ef2591792426d62add91536bb434566d4b224247ca343fdd63e486f9d4e9446",
    "https://deno.land/x/oak@v11.1.0/server_sent_event.ts": "948b0fe4cb3fe38c7db15e476eb3b7671ef20e566d130e9f701d7c0146aa47dd",
    "https://deno.land/x/oak@v11.1.0/structured_clone.ts": "ecf42598652b8082f37252cb873d6e257ad728e6fe73c6bd61f343d94501fbde",
    "https://deno.land/x/oak@v11.1.0/testing.ts": "7612656efd2975f7a2e6848609f5971922dbec46b76372c5c623202fdd7b9a85",
    "https://deno.land/x/oak@v11.1.0/types.d.ts": "41951a18c3bfdb11e40707cab75da078ba8a4907cd7d4e11d8536bc2db0dde05",
    "https://deno.land/x/oak@v11.1.0/util.ts": "3af8c4ed04c6cc2bedbe66e562a77fc59c72df31c55a902a63885861ca1639d6",
    "https://deno.land/x/path_to_regexp@v6.2.1/index.ts": "894060567837bae8fc9c5cbd4d0a05e9024672083d5883b525c031eea940e556",
    "https://esm.sh/kulay@1.0.0": "94c6b5856982e7eec345f3079baab7121381997e9d2bd2df2cb2ad4620276a70",
    "https://esm.sh/svgo@3.0.2": "9ef135528970e4756fb600439388ff72a52115d36ec75f7218fd007e5a89b98f",
    "https://esm.sh/v106/@trysound/sax@0.2.0/deno/sax.js": "09f925403daaadee4c3d33d8a153f8360eeaa944817eef453d72f482dd1dfd70",
    "https://esm.sh/v106/boolbase@1.0.0/deno/boolbase.js": "c2de9c6051e43e825cebf96303dccc8c84d84db898ee48f19cb64a52df887f31",
    "https://esm.sh/v106/css-select@5.1.0/deno/css-select.js": "479888435252fb507e456aef208b0b5e61221ee56544342f6af247380613b41c",
    "https://esm.sh/v106/css-tree@2.2.1/deno/css-tree.js": "306da20eba26d6eb49daf84896d8a211d3f30ec239c6c5c2b8ab7b0f7170cbfa",
    "https://esm.sh/v106/css-tree@2.3.1/deno/css-tree.js": "9f3e63d24b6c1177598adc7215a4eddd63ba3972702bac2fb6010cdc6e5c3595",
    "https://esm.sh/v106/css-what@6.1.0/deno/css-what.js": "b748f3252b086c97e0acf4dcb786fd65e786d9c269e095a6454bbc9cd64bcfe3",
    "https://esm.sh/v106/csso@5.0.5/deno/csso.js": "ecc8bd1ef0975ba992fe5d6621f555107082c1da87911340eef4f3391530b0b2",
    "https://esm.sh/v106/dom-serializer@2.0.0/deno/dom-serializer.js": "5b7f4548141cc735caf9e66c9f7c460ca5fb995b4c859e5f539c8a95b5b913d2",
    "https://esm.sh/v106/domelementtype@2.3.0/deno/domelementtype.js": "2bbc5ada9929825ac019e137ffdb26fcf04e3eaccaf0e8d6786cd1b8bb8b8f63",
    "https://esm.sh/v106/domhandler@5.0.3/deno/domhandler.js": "509e545088f895f208a2f50d8e5b7de97908fd71aa59ac2e234e6b720c7fab4d",
    "https://esm.sh/v106/domutils@3.0.1/deno/domutils.js": "4590addeaae85f313d3ae43a2bbf2cab52e08403e39fe9cc2bc1138442b60b10",
    "https://esm.sh/v106/entities@4.4.0/deno/entities.js": "d90555d5cb152a89c5942b648e4e79d3fc98383167dee77fa6c60be975236661",
    "https://esm.sh/v106/kulay@1.0.0/deno/kulay.js": "4d3df445791abac0e14105b4c106f1bcaa7eed4647bdcc04df56ef950264244b",
    "https://esm.sh/v106/kulay@1.0.0/index.d.ts": "932cf519bc795511d6d25dc65a937329572c3bede9a3bf651664230fc5d4f0b8",
    "https://esm.sh/v106/nth-check@2.1.1/deno/nth-check.js": "81a43567bf51364854d3f096744ae2f843dbafb4d761fabd95c4786615c5a59b",
    "https://esm.sh/v106/source-map-js@1.0.2/deno/lib/array-set.js": "696415f7bf734bbf1d6242032d31bfcb6b732d8c5802955c8b4c0f2a645edee4",
    "https://esm.sh/v106/source-map-js@1.0.2/deno/lib/base64-vlq.js": "620b2d88ade1a284896b1bcce54d8d1a7b936b628e2d775408bb4c32d2910a06",
    "https://esm.sh/v106/source-map-js@1.0.2/deno/lib/base64.js": "8fda6f0ff75c1d50d9eef74ea6e21596ebb05aa743c99986ed06e94445b6dbc1",
    "https://esm.sh/v106/source-map-js@1.0.2/deno/lib/mapping-list.js": "3a26885e02352e1057dad2c1fb00026f95c42afbad02fe530fbd170cb01192a0",
    "https://esm.sh/v106/source-map-js@1.0.2/deno/lib/source-map-generator.js": "a1478009bf66c7c2be0755ee6fdc495e8fc07439c1580e58f7311ad0e1e5867e",
    "https://esm.sh/v106/source-map-js@1.0.2/deno/lib/util.js": "0c12c798959385360b1496b8aa1c6ca7fb07a10fdaa3a87377573911c6e75763",
    "https://esm.sh/v106/svgo@3.0.2/deno/svgo.js": "75d0898ee590fc77e92662fe2a3003f1499bbfa6ad2766cbd2550fde6339bf03",
    "https://esm.sh/v106/svgo@3.0.2/lib/svgo.d.ts": "28cd797fb4f14e7b3f0abd6006b1090e910b1b8095a66f7170c8938375eecdcc"
  },
  "npm": {
    "specifiers": {
      "html-minifier": "html-minifier@4.0.0",
      "kulay": "kulay@1.0.0"
    },
    "packages": {
      "camel-case@3.0.0": {
        "integrity": "sha512-+MbKztAYHXPr1jNTSKQF52VpcFjwY5RkR7fxksV8Doo4KAYc5Fl4UJRgthBbTmEx8C54DqahhbLJkDwjI3PI/w==",
        "dependencies": {
          "no-case": "no-case@2.3.2",
          "upper-case": "upper-case@1.1.3"
        }
      },
      "clean-css@4.2.4": {
        "integrity": "sha512-EJUDT7nDVFDvaQgAo2G/PJvxmp1o/c6iXLbswsBbUFXi1Nr+AjA2cKmfbKDMjMvzEe75g3P6JkaDDAKk96A85A==",
        "dependencies": {
          "source-map": "source-map@0.6.1"
        }
      },
      "commander@2.20.3": {
        "integrity": "sha512-GpVkmM8vF2vQUkj2LvZmD35JxeJOLCwJ9cUkugyk2nuhbv3+mJvpLYYt+0+USMxE+oj+ey/lJEnhZw75x/OMcQ==",
        "dependencies": {}
      },
      "he@1.2.0": {
        "integrity": "sha512-F/1DnUGPopORZi0ni+CvrCgHQ5FyEAHRLSApuYWMmrbSwoN2Mn/7k+Gl38gJnR7yyDZk6WLXwiGod1JOWNDKGw==",
        "dependencies": {}
      },
      "html-minifier@4.0.0": {
        "integrity": "sha512-aoGxanpFPLg7MkIl/DDFYtb0iWz7jMFGqFhvEDZga6/4QTjneiD8I/NXL1x5aaoCp7FSIT6h/OhykDdPsbtMig==",
        "dependencies": {
          "camel-case": "camel-case@3.0.0",
          "clean-css": "clean-css@4.2.4",
          "commander": "commander@2.20.3",
          "he": "he@1.2.0",
          "param-case": "param-case@2.1.1",
          "relateurl": "relateurl@0.2.7",
          "uglify-js": "uglify-js@3.17.4"
        }
      },
      "kulay@1.0.0": {
        "integrity": "sha512-oI/3hkNKpVimq4ZWQexJOWuym0b2ABGgwFyQxaqN5kjb4r21qxh2Ha+ZbsZdQzqZQa+l2bNSQdeh/Q41pJ41+Q==",
        "dependencies": {}
      },
      "lower-case@1.1.4": {
        "integrity": "sha512-2Fgx1Ycm599x+WGpIYwJOvsjmXFzTSc34IwDWALRA/8AopUKAVPwfJ+h5+f85BCp0PWmmJcWzEpxOpoXycMpdA==",
        "dependencies": {}
      },
      "no-case@2.3.2": {
        "integrity": "sha512-rmTZ9kz+f3rCvK2TD1Ue/oZlns7OGoIWP4fc3llxxRXlOkHKoWPPWJOfFYpITabSow43QJbRIoHQXtt10VldyQ==",
        "dependencies": {
          "lower-case": "lower-case@1.1.4"
        }
      },
      "param-case@2.1.1": {
        "integrity": "sha512-eQE845L6ot89sk2N8liD8HAuH4ca6Vvr7VWAWwt7+kvvG5aBcPmmphQ68JsEG2qa9n1TykS2DLeMt363AAH8/w==",
        "dependencies": {
          "no-case": "no-case@2.3.2"
        }
      },
      "relateurl@0.2.7": {
        "integrity": "sha512-G08Dxvm4iDN3MLM0EsP62EDV9IuhXPR6blNz6Utcp7zyV3tr4HVNINt6MpaRWbxoOHT3Q7YN2P+jaHX8vUbgog==",
        "dependencies": {}
      },
      "source-map@0.6.1": {
        "integrity": "sha512-UjgapumWlbMhkBgzT7Ykc5YXUT46F0iKu8SGXq0bcwP5dz/h0Plj6enJqjz1Zbq2l5WaqYnrVbwWOWMyF3F47g==",
        "dependencies": {}
      },
      "uglify-js@3.17.4": {
        "integrity": "sha512-T9q82TJI9e/C1TAxYvfb16xO120tMVFZrGA3f9/P4424DNu6ypK103y0GPFVa17yotwSyZW5iYXgjYHkGrJW/g==",
        "dependencies": {}
      },
      "upper-case@1.1.3": {
        "integrity": "sha512-WRbjgmYzgXkCV7zNVpy5YgrHgbBv126rMALQQMrmzOVC4GM2waQ9x7xtm8VU+1yF2kWyPzI9zbZ48n4vSxwfSA==",
        "dependencies": {}
      }
    }
  }
}
